
Microsoft Visual Studio Solution File, Format Version 12.00
# Visual Studio Version 17
VisualStudioVersion = 17.14.36221.1 d17.14
MinimumVisualStudioVersion = 10.0.40219.1
Project("{FAE04EC0-301F-11D3-BF4B-00C04F79EFBC}") = "ResumeProfile.API", "ResumeProfile.API\ResumeProfile.API.csproj", "{18A02E3B-F7DA-4A62-AA71-20E3D40C0310}"
EndProject
Project("{FAE04EC0-301F-11D3-BF4B-00C04F79EFBC}") = "ResumeProfile.Domain", "ResumeProfile.Domain\ResumeProfile.Domain.csproj", "{F63451B7-0FE1-4FBA-9E3D-50B68C06E511}"
EndProject
Project("{FAE04EC0-301F-11D3-BF4B-00C04F79EFBC}") = "ResumeProfile.Application", "ResumeProfile.Application\ResumeProfile.Application.csproj", "{3EBFE237-B57B-4A44-956F-FBBB30F03BFB}"
EndProject
Project("{FAE04EC0-301F-11D3-BF4B-00C04F79EFBC}") = "ResumeProfile.FrameWork", "ResumeProfile.FrameWork\ResumeProfile.FrameWork.csproj", "{A5D40486-2A4B-4309-BC40-7021B1642D93}"
EndProject
Project("{FAE04EC0-301F-11D3-BF4B-00C04F79EFBC}") = "ResumeProfile.Infrastructure", "ResumeProfile.Infrastructure\ResumeProfile.Infrastructure.csproj", "{480CD1C2-509A-4164-9E62-5410F6164987}"
EndProject
Global
	GlobalSection(SolutionConfigurationPlatforms) = preSolution
		Debug|Any CPU = Debug|Any CPU
		Release|Any CPU = Release|Any CPU
	EndGlobalSection
	GlobalSection(ProjectConfigurationPlatforms) = postSolution
		{18A02E3B-F7DA-4A62-AA71-20E3D40C0310}.Debug|Any CPU.ActiveCfg = Debug|Any CPU
		{18A02E3B-F7DA-4A62-AA71-20E3D40C0310}.Debug|Any CPU.Build.0 = Debug|Any CPU
		{18A02E3B-F7DA-4A62-AA71-20E3D40C0310}.Release|Any CPU.ActiveCfg = Release|Any CPU
		{18A02E3B-F7DA-4A62-AA71-20E3D40C0310}.Release|Any CPU.Build.0 = Release|Any CPU
		{F63451B7-0FE1-4FBA-9E3D-50B68C06E511}.Debug|Any CPU.ActiveCfg = Debug|Any CPU
		{F63451B7-0FE1-4FBA-9E3D-50B68C06E511}.Debug|Any CPU.Build.0 = Debug|Any CPU
		{F63451B7-0FE1-4FBA-9E3D-50B68C06E511}.Release|Any CPU.ActiveCfg = Release|Any CPU
		{F63451B7-0FE1-4FBA-9E3D-50B68C06E511}.Release|Any CPU.Build.0 = Release|Any CPU
		{3EBFE237-B57B-4A44-956F-FBBB30F03BFB}.Debug|Any CPU.ActiveCfg = Debug|Any CPU
		{3EBFE237-B57B-4A44-956F-FBBB30F03BFB}.Debug|Any CPU.Build.0 = Debug|Any CPU
		{3EBFE237-B57B-4A44-956F-FBBB30F03BFB}.Release|Any CPU.ActiveCfg = Release|Any CPU
		{3EBFE237-B57B-4A44-956F-FBBB30F03BFB}.Release|Any CPU.Build.0 = Release|Any CPU
		{A5D40486-2A4B-4309-BC40-7021B1642D93}.Debug|Any CPU.ActiveCfg = Debug|Any CPU
		{A5D40486-2A4B-4309-BC40-7021B1642D93}.Debug|Any CPU.Build.0 = Debug|Any CPU
		{A5D40486-2A4B-4309-BC40-7021B1642D93}.Release|Any CPU.ActiveCfg = Release|Any CPU
		{A5D40486-2A4B-4309-BC40-7021B1642D93}.Release|Any CPU.Build.0 = Release|Any CPU
		{480CD1C2-509A-4164-9E62-5410F6164987}.Debug|Any CPU.ActiveCfg = Debug|Any CPU
		{480CD1C2-509A-4164-9E62-5410F6164987}.Debug|Any CPU.Build.0 = Debug|Any CPU
		{480CD1C2-509A-4164-9E62-5410F6164987}.Release|Any CPU.ActiveCfg = Release|Any CPU
		{480CD1C2-509A-4164-9E62-5410F6164987}.Release|Any CPU.Build.0 = Release|Any CPU
	EndGlobalSection
	GlobalSection(SolutionProperties) = preSolution
		HideSolutionNode = FALSE
	EndGlobalSection
	GlobalSection(ExtensibilityGlobals) = postSolution
		SolutionGuid = {84CCB53D-A491-464C-AFDC-D86A2A675E01}
	EndGlobalSection
EndGlobal
